PODS:
  - daylink_mobile_core (0.0.1):
    - Flutter
  - Flutter (1.0.0)

DEPENDENCIES:
  - daylink_mobile_core (from `.symlinks/plugins/daylink_mobile_core/ios`)
  - Flutter (from `Flutter`)

EXTERNAL SOURCES:
  daylink_mobile_core:
    :path: ".symlinks/plugins/daylink_mobile_core/ios"
  Flutter:
    :path: Flutter

SPEC CHECKSUMS:
  daylink_mobile_core: 429c4c39b735a837ef5bc6b417c39eb6b0dbb5a8
  Flutter: cabc95a1d2626b1b06e7179b784ebcf0c0cde467

PODFILE CHECKSUM: f8c2dcdfb50bb67645580d28a6bf814fca30bdec

COCOAPODS: 1.16.2
